
Microsoft Visual Studio Solution File, Format Version 12.00
# Visual Studio 15
Project("{FAE04EC0-301F-11D3-BF4B-00C04F79EFBC}") = "Assembly-CSharp", "Assembly-CSharp.csproj", "{B6828B86-E71E-F20A-9772-1C728110225D}"
EndProject
Global
	GlobalSection(SolutionConfigurationPlatforms) = preSolution
		Debug|Any CPU = Debug|Any CPU
		Release|Any CPU = Release|Any CPU
	EndGlobalSection
	GlobalSection(ProjectConfigurationPlatforms) = postSolution
		{B6828B86-E71E-F20A-9772-1C728110225D}.Debug|Any CPU.ActiveCfg = Debug|Any CPU
		{B6828B86-E71E-F20A-9772-1C728110225D}.Debug|Any CPU.Build.0 = Debug|Any CPU
		{B6828B86-E71E-F20A-9772-1C728110225D}.Release|Any CPU.ActiveCfg = Release|Any CPU
		{B6828B86-E71E-F20A-9772-1C728110225D}.Release|Any CPU.Build.0 = Release|Any CPU
	EndGlobalSection
	GlobalSection(SolutionProperties) = preSolution
		HideSolutionNode = FALSE
	EndGlobalSection
EndGlobal
